
Microsoft Visual Studio Solution File, Format Version 12.00
# Visual Studio Version 16
VisualStudioVersion = 16.0.28803.202
MinimumVisualStudioVersion = 10.0.40219.1
Project("{FAE04EC0-301F-11D3-BF4B-00C04F79EFBC}") = "ConsoleApp4", "ConsoleApp4\ConsoleApp4.csproj", "{5B15C5B9-2518-4A7F-A620-A628C43454D2}"
EndProject
Global
	GlobalSection(SolutionConfigurationPlatforms) = preSolution
		Debug|Any CPU = Debug|Any CPU
		Release|Any CPU = Release|Any CPU
	EndGlobalSection
	GlobalSection(ProjectConfigurationPlatforms) = postSolution
		{5B15C5B9-2518-4A7F-A620-A628C43454D2}.Debug|Any CPU.ActiveCfg = Debug|Any CPU
		{5B15C5B9-2518-4A7F-A620-A628C43454D2}.Debug|Any CPU.Build.0 = Debug|Any CPU
		{5B15C5B9-2518-4A7F-A620-A628C43454D2}.Release|Any CPU.ActiveCfg = Release|Any CPU
		{5B15C5B9-2518-4A7F-A620-A628C43454D2}.Release|Any CPU.Build.0 = Release|Any CPU
	EndGlobalSection
	GlobalSection(SolutionProperties) = preSolution
		HideSolutionNode = FALSE
	EndGlobalSection
	GlobalSection(ExtensibilityGlobals) = postSolution
		SolutionGuid = {45321040-F4FE-42C9-BE9E-A8E1EE341B20}
	EndGlobalSection
EndGlobal
